
Microsoft Visual Studio Solution File, Format Version 12.00
# Visual Studio Version 17
VisualStudioVersion = 17.6.33723.286
MinimumVisualStudioVersion = 10.0.40219.1
Project("{9A19103F-16F7-4668-BE54-9A1E7A4F7556}") = "ForLoop", "ForLoop\ForLoop.csproj", "{04561F1B-4691-4D4D-99E3-66F599CD3897}"
EndProject
Project("{9A19103F-16F7-4668-BE54-9A1E7A4F7556}") = "IfElse", "IfElse\IfElse.csproj", "{B83F75E6-6FC8-4BDD-AFA8-0360F70DC450}"
EndProject
Project("{9A19103F-16F7-4668-BE54-9A1E7A4F7556}") = "OddEven", "OddEven\OddEven.csproj", "{6566B796-CAF1-4455-A62F-F5A26E1A5739}"
EndProject
Project("{9A19103F-16F7-4668-BE54-9A1E7A4F7556}") = "PositiveNum", "PositiveNum\PositiveNum.csproj", "{71A1A8FF-94B2-46C2-AC38-45E1E441F941}"
EndProject
Project("{9A19103F-16F7-4668-BE54-9A1E7A4F7556}") = "largestNum", "largestNum\largestNum.csproj", "{62BF510F-5931-48F1-AACC-7B52757F3467}"
EndProject
Project("{9A19103F-16F7-4668-BE54-9A1E7A4F7556}") = "SwapProgram", "SwapProgram\SwapProgram.csproj", "{51DF0371-18DC-4B2A-8F4A-E6739C2E679B}"
EndProject
Project("{9A19103F-16F7-4668-BE54-9A1E7A4F7556}") = "DivisBy2", "DivisBy2\DivisBy2.csproj", "{C8430BE9-7BD2-4243-82AC-86E07A398524}"
EndProject
Project("{9A19103F-16F7-4668-BE54-9A1E7A4F7556}") = "MultipleBy3And5", "MultipleBy3And5\MultipleBy3And5.csproj", "{53774A25-9D29-416D-85E6-8A397117260B}"
EndProject
Project("{9A19103F-16F7-4668-BE54-9A1E7A4F7556}") = "Multiple17", "Multiple17\Multiple17.csproj", "{BD8C529A-B735-4EED-87A9-0B27AD8B236D}"
EndProject
Project("{9A19103F-16F7-4668-BE54-9A1E7A4F7556}") = "sumOfdigitProgramNum", "sumOfdigitProgramNum\sumOfdigitProgramNum.csproj", "{420969B8-D0CC-40BF-9FAE-3BCF9763AD94}"
EndProject
Project("{9A19103F-16F7-4668-BE54-9A1E7A4F7556}") = "ReverseNum", "ReverseNum\ReverseNum.csproj", "{B8469FC0-D304-4BEA-ADA2-17DB98471DA8}"
EndProject
Project("{9A19103F-16F7-4668-BE54-9A1E7A4F7556}") = "Palinedrome", "Palinedrome\Palinedrome.csproj", "{EAC950BC-7CF1-4CCB-8C69-6F1771049EBA}"
EndProject
Project("{9A19103F-16F7-4668-BE54-9A1E7A4F7556}") = "AddTwoNum", "AddTwoNum\AddTwoNum.csproj", "{184D8682-45BC-48F1-B56E-724D4A001126}"
EndProject
Project("{9A19103F-16F7-4668-BE54-9A1E7A4F7556}") = "UserInput", "UserInput\UserInput.csproj", "{3CD4905E-0772-4E24-A49F-10713B7979E2}"
EndProject
Project("{9A19103F-16F7-4668-BE54-9A1E7A4F7556}") = "RandomNum", "RandomNum\RandomNum.csproj", "{9D0D8EB2-E38C-4BBA-B497-CCB0BB9954CE}"
EndProject
Project("{9A19103F-16F7-4668-BE54-9A1E7A4F7556}") = "Sort", "Sort\Sort.csproj", "{2EF4CFA9-0C78-4B7B-8E46-1AA6B476200F}"
EndProject
Project("{9A19103F-16F7-4668-BE54-9A1E7A4F7556}") = "fibonacci series", "fibonacci series\fibonacci series.csproj", "{577EDF52-1DC8-4F0B-9A5D-DFA6E6FEA9F4}"
EndProject
Project("{9A19103F-16F7-4668-BE54-9A1E7A4F7556}") = "FactorialProgram", "FactorialProgram\FactorialProgram.csproj", "{32700C74-AD10-43B0-86D7-9B980598A864}"
EndProject
Project("{9A19103F-16F7-4668-BE54-9A1E7A4F7556}") = "FindingMax", "FindingMax\FindingMax.csproj", "{751D5D8E-3FA8-447F-BEB2-188E9B438C67}"
EndProject
Project("{FAE04EC0-301F-11D3-BF4B-00C04F79EFBC}") = "AvgVal", "AvgVal\AvgVal.csproj", "{9DDC7A20-A00D-4694-9F56-0B4CA0AD004D}"
EndProject
Global
	GlobalSection(SolutionConfigurationPlatforms) = preSolution
		Debug|Any CPU = Debug|Any CPU
		Release|Any CPU = Release|Any CPU
	EndGlobalSection
	GlobalSection(ProjectConfigurationPlatforms) = postSolution
		{04561F1B-4691-4D4D-99E3-66F599CD3897}.Debug|Any CPU.ActiveCfg = Debug|Any CPU
		{04561F1B-4691-4D4D-99E3-66F599CD3897}.Debug|Any CPU.Build.0 = Debug|Any CPU
		{04561F1B-4691-4D4D-99E3-66F599CD3897}.Release|Any CPU.ActiveCfg = Release|Any CPU
		{04561F1B-4691-4D4D-99E3-66F599CD3897}.Release|Any CPU.Build.0 = Release|Any CPU
		{B83F75E6-6FC8-4BDD-AFA8-0360F70DC450}.Debug|Any CPU.ActiveCfg = Debug|Any CPU
		{B83F75E6-6FC8-4BDD-AFA8-0360F70DC450}.Debug|Any CPU.Build.0 = Debug|Any CPU
		{B83F75E6-6FC8-4BDD-AFA8-0360F70DC450}.Release|Any CPU.ActiveCfg = Release|Any CPU
		{B83F75E6-6FC8-4BDD-AFA8-0360F70DC450}.Release|Any CPU.Build.0 = Release|Any CPU
		{6566B796-CAF1-4455-A62F-F5A26E1A5739}.Debug|Any CPU.ActiveCfg = Debug|Any CPU
		{6566B796-CAF1-4455-A62F-F5A26E1A5739}.Debug|Any CPU.Build.0 = Debug|Any CPU
		{6566B796-CAF1-4455-A62F-F5A26E1A5739}.Release|Any CPU.ActiveCfg = Release|Any CPU
		{6566B796-CAF1-4455-A62F-F5A26E1A5739}.Release|Any CPU.Build.0 = Release|Any CPU
		{71A1A8FF-94B2-46C2-AC38-45E1E441F941}.Debug|Any CPU.ActiveCfg = Debug|Any CPU
		{71A1A8FF-94B2-46C2-AC38-45E1E441F941}.Debug|Any CPU.Build.0 = Debug|Any CPU
		{71A1A8FF-94B2-46C2-AC38-45E1E441F941}.Release|Any CPU.ActiveCfg = Release|Any CPU
		{71A1A8FF-94B2-46C2-AC38-45E1E441F941}.Release|Any CPU.Build.0 = Release|Any CPU
		{62BF510F-5931-48F1-AACC-7B52757F3467}.Debug|Any CPU.ActiveCfg = Debug|Any CPU
		{62BF510F-5931-48F1-AACC-7B52757F3467}.Debug|Any CPU.Build.0 = Debug|Any CPU
		{62BF510F-5931-48F1-AACC-7B52757F3467}.Release|Any CPU.ActiveCfg = Release|Any CPU
		{62BF510F-5931-48F1-AACC-7B52757F3467}.Release|Any CPU.Build.0 = Release|Any CPU
		{51DF0371-18DC-4B2A-8F4A-E6739C2E679B}.Debug|Any CPU.ActiveCfg = Debug|Any CPU
		{51DF0371-18DC-4B2A-8F4A-E6739C2E679B}.Debug|Any CPU.Build.0 = Debug|Any CPU
		{51DF0371-18DC-4B2A-8F4A-E6739C2E679B}.Release|Any CPU.ActiveCfg = Release|Any CPU
		{51DF0371-18DC-4B2A-8F4A-E6739C2E679B}.Release|Any CPU.Build.0 = Release|Any CPU
		{C8430BE9-7BD2-4243-82AC-86E07A398524}.Debug|Any CPU.ActiveCfg = Debug|Any CPU
		{C8430BE9-7BD2-4243-82AC-86E07A398524}.Debug|Any CPU.Build.0 = Debug|Any CPU
		{C8430BE9-7BD2-4243-82AC-86E07A398524}.Release|Any CPU.ActiveCfg = Release|Any CPU
		{C8430BE9-7BD2-4243-82AC-86E07A398524}.Release|Any CPU.Build.0 = Release|Any CPU
		{53774A25-9D29-416D-85E6-8A397117260B}.Debug|Any CPU.ActiveCfg = Debug|Any CPU
		{53774A25-9D29-416D-85E6-8A397117260B}.Debug|Any CPU.Build.0 = Debug|Any CPU
		{53774A25-9D29-416D-85E6-8A397117260B}.Release|Any CPU.ActiveCfg = Release|Any CPU
		{53774A25-9D29-416D-85E6-8A397117260B}.Release|Any CPU.Build.0 = Release|Any CPU
		{BD8C529A-B735-4EED-87A9-0B27AD8B236D}.Debug|Any CPU.ActiveCfg = Debug|Any CPU
		{BD8C529A-B735-4EED-87A9-0B27AD8B236D}.Debug|Any CPU.Build.0 = Debug|Any CPU
		{BD8C529A-B735-4EED-87A9-0B27AD8B236D}.Release|Any CPU.ActiveCfg = Release|Any CPU
		{BD8C529A-B735-4EED-87A9-0B27AD8B236D}.Release|Any CPU.Build.0 = Release|Any CPU
		{420969B8-D0CC-40BF-9FAE-3BCF9763AD94}.Debug|Any CPU.ActiveCfg = Debug|Any CPU
		{420969B8-D0CC-40BF-9FAE-3BCF9763AD94}.Debug|Any CPU.Build.0 = Debug|Any CPU
		{420969B8-D0CC-40BF-9FAE-3BCF9763AD94}.Release|Any CPU.ActiveCfg = Release|Any CPU
		{420969B8-D0CC-40BF-9FAE-3BCF9763AD94}.Release|Any CPU.Build.0 = Release|Any CPU
		{B8469FC0-D304-4BEA-ADA2-17DB98471DA8}.Debug|Any CPU.ActiveCfg = Debug|Any CPU
		{B8469FC0-D304-4BEA-ADA2-17DB98471DA8}.Debug|Any CPU.Build.0 = Debug|Any CPU
		{B8469FC0-D304-4BEA-ADA2-17DB98471DA8}.Release|Any CPU.ActiveCfg = Release|Any CPU
		{B8469FC0-D304-4BEA-ADA2-17DB98471DA8}.Release|Any CPU.Build.0 = Release|Any CPU
		{EAC950BC-7CF1-4CCB-8C69-6F1771049EBA}.Debug|Any CPU.ActiveCfg = Debug|Any CPU
		{EAC950BC-7CF1-4CCB-8C69-6F1771049EBA}.Debug|Any CPU.Build.0 = Debug|Any CPU
		{EAC950BC-7CF1-4CCB-8C69-6F1771049EBA}.Release|Any CPU.ActiveCfg = Release|Any CPU
		{EAC950BC-7CF1-4CCB-8C69-6F1771049EBA}.Release|Any CPU.Build.0 = Release|Any CPU
		{184D8682-45BC-48F1-B56E-724D4A001126}.Debug|Any CPU.ActiveCfg = Debug|Any CPU
		{184D8682-45BC-48F1-B56E-724D4A001126}.Debug|Any CPU.Build.0 = Debug|Any CPU
		{184D8682-45BC-48F1-B56E-724D4A001126}.Release|Any CPU.ActiveCfg = Release|Any CPU
		{184D8682-45BC-48F1-B56E-724D4A001126}.Release|Any CPU.Build.0 = Release|Any CPU
		{3CD4905E-0772-4E24-A49F-10713B7979E2}.Debug|Any CPU.ActiveCfg = Debug|Any CPU
		{3CD4905E-0772-4E24-A49F-10713B7979E2}.Debug|Any CPU.Build.0 = Debug|Any CPU
		{3CD4905E-0772-4E24-A49F-10713B7979E2}.Release|Any CPU.ActiveCfg = Release|Any CPU
		{3CD4905E-0772-4E24-A49F-10713B7979E2}.Release|Any CPU.Build.0 = Release|Any CPU
		{9D0D8EB2-E38C-4BBA-B497-CCB0BB9954CE}.Debug|Any CPU.ActiveCfg = Debug|Any CPU
		{9D0D8EB2-E38C-4BBA-B497-CCB0BB9954CE}.Debug|Any CPU.Build.0 = Debug|Any CPU
		{9D0D8EB2-E38C-4BBA-B497-CCB0BB9954CE}.Release|Any CPU.ActiveCfg = Release|Any CPU
		{9D0D8EB2-E38C-4BBA-B497-CCB0BB9954CE}.Release|Any CPU.Build.0 = Release|Any CPU
		{2EF4CFA9-0C78-4B7B-8E46-1AA6B476200F}.Debug|Any CPU.ActiveCfg = Debug|Any CPU
		{2EF4CFA9-0C78-4B7B-8E46-1AA6B476200F}.Debug|Any CPU.Build.0 = Debug|Any CPU
		{2EF4CFA9-0C78-4B7B-8E46-1AA6B476200F}.Release|Any CPU.ActiveCfg = Release|Any CPU
		{2EF4CFA9-0C78-4B7B-8E46-1AA6B476200F}.Release|Any CPU.Build.0 = Release|Any CPU
		{577EDF52-1DC8-4F0B-9A5D-DFA6E6FEA9F4}.Debug|Any CPU.ActiveCfg = Debug|Any CPU
		{577EDF52-1DC8-4F0B-9A5D-DFA6E6FEA9F4}.Debug|Any CPU.Build.0 = Debug|Any CPU
		{577EDF52-1DC8-4F0B-9A5D-DFA6E6FEA9F4}.Release|Any CPU.ActiveCfg = Release|Any CPU
		{577EDF52-1DC8-4F0B-9A5D-DFA6E6FEA9F4}.Release|Any CPU.Build.0 = Release|Any CPU
		{32700C74-AD10-43B0-86D7-9B980598A864}.Debug|Any CPU.ActiveCfg = Debug|Any CPU
		{32700C74-AD10-43B0-86D7-9B980598A864}.Debug|Any CPU.Build.0 = Debug|Any CPU
		{32700C74-AD10-43B0-86D7-9B980598A864}.Release|Any CPU.ActiveCfg = Release|Any CPU
		{32700C74-AD10-43B0-86D7-9B980598A864}.Release|Any CPU.Build.0 = Release|Any CPU
		{751D5D8E-3FA8-447F-BEB2-188E9B438C67}.Debug|Any CPU.ActiveCfg = Debug|Any CPU
		{751D5D8E-3FA8-447F-BEB2-188E9B438C67}.Debug|Any CPU.Build.0 = Debug|Any CPU
		{751D5D8E-3FA8-447F-BEB2-188E9B438C67}.Release|Any CPU.ActiveCfg = Release|Any CPU
		{751D5D8E-3FA8-447F-BEB2-188E9B438C67}.Release|Any CPU.Build.0 = Release|Any CPU
		{9DDC7A20-A00D-4694-9F56-0B4CA0AD004D}.Debug|Any CPU.ActiveCfg = Debug|Any CPU
		{9DDC7A20-A00D-4694-9F56-0B4CA0AD004D}.Debug|Any CPU.Build.0 = Debug|Any CPU
		{9DDC7A20-A00D-4694-9F56-0B4CA0AD004D}.Release|Any CPU.ActiveCfg = Release|Any CPU
		{9DDC7A20-A00D-4694-9F56-0B4CA0AD004D}.Release|Any CPU.Build.0 = Release|Any CPU
	EndGlobalSection
	GlobalSection(SolutionProperties) = preSolution
		HideSolutionNode = FALSE
	EndGlobalSection
	GlobalSection(ExtensibilityGlobals) = postSolution
		SolutionGuid = {384C1A27-65D6-4569-A9C2-136A10579754}
	EndGlobalSection
EndGlobal
