
Microsoft Visual Studio Solution File, Format Version 12.00
# Visual Studio Version 17
VisualStudioVersion = 17.6.33723.286
MinimumVisualStudioVersion = 10.0.40219.1
Project("{9A19103F-16F7-4668-BE54-9A1E7A4F7556}") = "ForLoop", "ForLoop\ForLoop.csproj", "{04561F1B-4691-4D4D-99E3-66F599CD3897}"
EndProject
Project("{9A19103F-16F7-4668-BE54-9A1E7A4F7556}") = "IfElse", "IfElse\IfElse.csproj", "{B83F75E6-6FC8-4BDD-AFA8-0360F70DC450}"
EndProject
Project("{9A19103F-16F7-4668-BE54-9A1E7A4F7556}") = "OddEven", "OddEven\OddEven.csproj", "{6566B796-CAF1-4455-A62F-F5A26E1A5739}"
EndProject
Project("{9A19103F-16F7-4668-BE54-9A1E7A4F7556}") = "PositiveNum", "PositiveNum\PositiveNum.csproj", "{71A1A8FF-94B2-46C2-AC38-45E1E441F941}"
EndProject
Project("{9A19103F-16F7-4668-BE54-9A1E7A4F7556}") = "largestNum", "largestNum\largestNum.csproj", "{62BF510F-5931-48F1-AACC-7B52757F3467}"
EndProject
Project("{9A19103F-16F7-4668-BE54-9A1E7A4F7556}") = "SwapProgram", "SwapProgram\SwapProgram.csproj", "{51DF0371-18DC-4B2A-8F4A-E6739C2E679B}"
EndProject
Project("{9A19103F-16F7-4668-BE54-9A1E7A4F7556}") = "DivisBy2", "DivisBy2\DivisBy2.csproj", "{C8430BE9-7BD2-4243-82AC-86E07A398524}"
EndProject
Project("{9A19103F-16F7-4668-BE54-9A1E7A4F7556}") = "MultipleBy3And5", "MultipleBy3And5\MultipleBy3And5.csproj", "{53774A25-9D29-416D-85E6-8A397117260B}"
EndProject
Project("{9A19103F-16F7-4668-BE54-9A1E7A4F7556}") = "Multiple17", "Multiple17\Multiple17.csproj", "{BD8C529A-B735-4EED-87A9-0B27AD8B236D}"
EndProject
Project("{9A19103F-16F7-4668-BE54-9A1E7A4F7556}") = "sumOfdigitProgramNum", "sumOfdigitProgramNum\sumOfdigitProgramNum.csproj", "{420969B8-D0CC-40BF-9FAE-3BCF9763AD94}"
EndProject
Project("{9A19103F-16F7-4668-BE54-9A1E7A4F7556}") = "ReverseNum", "ReverseNum\ReverseNum.csproj", "{B8469FC0-D304-4BEA-ADA2-17DB98471DA8}"
EndProject
Project("{9A19103F-16F7-4668-BE54-9A1E7A4F7556}") = "Palinedrome", "Palinedrome\Palinedrome.csproj", "{EAC950BC-7CF1-4CCB-8C69-6F1771049EBA}"
EndProject
Project("{9A19103F-16F7-4668-BE54-9A1E7A4F7556}") = "AddTwoNum", "AddTwoNum\AddTwoNum.csproj", "{184D8682-45BC-48F1-B56E-724D4A001126}"
EndProject
Project("{9A19103F-16F7-4668-BE54-9A1E7A4F7556}") = "UserInput", "UserInput\UserInput.csproj", "{3CD4905E-0772-4E24-A49F-10713B7979E2}"
EndProject
Project("{9A19103F-16F7-4668-BE54-9A1E7A4F7556}") = "RandomNum", "RandomNum\RandomNum.csproj", "{9D0D8EB2-E38C-4BBA-B497-CCB0BB9954CE}"
EndProject
Project("{9A19103F-16F7-4668-BE54-9A1E7A4F7556}") = "Sort", "Sort\Sort.csproj", "{2EF4CFA9-0C78-4B7B-8E46-1AA6B476200F}"
EndProject
Project("{9A19103F-16F7-4668-BE54-9A1E7A4F7556}") = "fibonacci series", "fibonacci series\fibonacci series.csproj", "{577EDF52-1DC8-4F0B-9A5D-DFA6E6FEA9F4}"
EndProject
Project("{9A19103F-16F7-4668-BE54-9A1E7A4F7556}") = "FactorialProgram", "FactorialProgram\FactorialProgram.csproj", "{32700C74-AD10-43B0-86D7-9B980598A864}"
EndProject
Project("{9A19103F-16F7-4668-BE54-9A1E7A4F7556}") = "FindingMax", "FindingMax\FindingMax.csproj", "{751D5D8E-3FA8-447F-BEB2-188E9B438C67}"
EndProject
Project("{9A19103F-16F7-4668-BE54-9A1E7A4F7556}") = "AvgVal", "AvgVal\AvgVal.csproj", "{9DDC7A20-A00D-4694-9F56-0B4CA0AD004D}"
EndProject
Project("{9A19103F-16F7-4668-BE54-9A1E7A4F7556}") = "gcd", "gcd\gcd.csproj", "{441F1C84-1E25-4592-8424-469F0E8517CA}"
EndProject
Project("{9A19103F-16F7-4668-BE54-9A1E7A4F7556}") = "Lcm", "Lcm\Lcm.csproj", "{34920D25-1C76-412F-A53B-03D8CD89EC7D}"
EndProject
Project("{9A19103F-16F7-4668-BE54-9A1E7A4F7556}") = "TransposeMatrix", "TransposeMatrix\TransposeMatrix.csproj", "{45B4DF46-A991-4B7D-867C-0BEC4255F5B4}"
EndProject
Project("{FAE04EC0-301F-11D3-BF4B-00C04F79EFBC}") = "ConvertCharac", "ConvertCharac\ConvertCharac.csproj", "{38F94800-1BF1-4241-9051-0246B2E1231C}"
EndProject
Project("{FAE04EC0-301F-11D3-BF4B-00C04F79EFBC}") = "grade", "grade\grade.csproj", "{2AD6D8A8-4E63-480D-BE19-0041989D670E}"
EndProject
Project("{FAE04EC0-301F-11D3-BF4B-00C04F79EFBC}") = "Height", "Height\Height.csproj", "{2A13ED3B-EFA7-4607-B6A4-001098621DC3}"
EndProject
Project("{FAE04EC0-301F-11D3-BF4B-00C04F79EFBC}") = "MultipicationTabel", "MultipicationTabel\MultipicationTabel.csproj", "{6D5DE347-A97A-436F-89DE-7E8876C494B5}"
EndProject
Project("{FAE04EC0-301F-11D3-BF4B-00C04F79EFBC}") = "intgerUsingRecursion", "intgerUsingRecursion\intgerUsingRecursion.csproj", "{3BA57787-398B-44BD-8164-E32820A27F22}"
EndProject
Project("{FAE04EC0-301F-11D3-BF4B-00C04F79EFBC}") = "ExponentSameBase", "ExponentSameBase\ExponentSameBase.csproj", "{03E43499-DF4A-48E8-9319-81D45FB7CE76}"
EndProject
Project("{FAE04EC0-301F-11D3-BF4B-00C04F79EFBC}") = "ArithmaticOperator", "ArithmaticOperator\ArithmaticOperator.csproj", "{B21A9CE9-27D5-47E0-BAAE-EA2EE5A81480}"
EndProject
Project("{FAE04EC0-301F-11D3-BF4B-00C04F79EFBC}") = "MultipleTwoBinaryNumber", "MultipleTwoBinaryNumber\MultipleTwoBinaryNumber.csproj", "{1B7C3804-7C2C-4FE8-AC58-8ACC19DB2658}"
EndProject
Project("{FAE04EC0-301F-11D3-BF4B-00C04F79EFBC}") = "SumTwoBinaryNum", "SumTwoBinaryNum\SumTwoBinaryNum.csproj", "{CDF5FB71-2EA3-42B0-BBEA-36B13A9CBC31}"
EndProject
Project("{FAE04EC0-301F-11D3-BF4B-00C04F79EFBC}") = "SumdigitUsingRec", "SumdigitUsingRec\SumdigitUsingRec.csproj", "{E0801002-C0DB-4C18-AA82-92C93F3AA318}"
EndProject
Project("{FAE04EC0-301F-11D3-BF4B-00C04F79EFBC}") = "Multiple17less100", "Multiple17less100\Multiple17less100.csproj", "{1CB23CFA-1DDE-4089-92BB-FCAF38B233F7}"
EndProject
Project("{FAE04EC0-301F-11D3-BF4B-00C04F79EFBC}") = "PrimeNumberBetween100", "PrimeNumberBetween100\PrimeNumberBetween100.csproj", "{FC15B1B5-55D0-422E-9B52-696DB0DF354A}"
EndProject
Project("{FAE04EC0-301F-11D3-BF4B-00C04F79EFBC}") = "LargestPrimeFactor", "LargestPrimeFactor\LargestPrimeFactor.csproj", "{A4578077-03A3-4CBB-A619-B2DE1FAB47CF}"
EndProject
Project("{FAE04EC0-301F-11D3-BF4B-00C04F79EFBC}") = "PerfectNumber", "PerfectNumber\PerfectNumber.csproj", "{955B5543-0CE6-4F2E-B8FF-A5CFB968F89D}"
EndProject
Project("{FAE04EC0-301F-11D3-BF4B-00C04F79EFBC}") = "ArmstrongNum", "ArmstrongNum\ArmstrongNum.csproj", "{BB35A646-4350-42EF-A6D5-607A4FE216C9}"
EndProject
Project("{FAE04EC0-301F-11D3-BF4B-00C04F79EFBC}") = "ArmstrongnumBetween100", "ArmstrongnumBetween100\ArmstrongnumBetween100.csproj", "{AC065015-024F-461E-AEE9-DF3574E4A89F}"
EndProject
Project("{FAE04EC0-301F-11D3-BF4B-00C04F79EFBC}") = "SumOfNnumbers", "SumOfNnumbers\SumOfNnumbers.csproj", "{3B86113B-564C-40FF-BFF8-526732C25CAF}"
EndProject
Project("{FAE04EC0-301F-11D3-BF4B-00C04F79EFBC}") = "SumNaturalNumber", "SumNaturalNumber\SumNaturalNumber.csproj", "{EAC85AA4-985E-4A4F-B2D3-DC626D0E8AE6}"
EndProject
Project("{FAE04EC0-301F-11D3-BF4B-00C04F79EFBC}") = "AbsulateNumber", "AbsulateNumber\AbsulateNumber.csproj", "{1F3698D9-8523-431C-9153-3BE69A23ED89}"
EndProject
Project("{FAE04EC0-301F-11D3-BF4B-00C04F79EFBC}") = "GenarateRandomNumbers", "GenarateRandomNumbers\GenarateRandomNumbers.csproj", "{6B956610-AA86-4F57-A5FA-FA2E57A03169}"
EndProject
Project("{FAE04EC0-301F-11D3-BF4B-00C04F79EFBC}") = "AmicableNumber", "AmicableNumber\AmicableNumber.csproj", "{71C2CEF9-FE0D-467B-BF30-0383CDFE3960}"
EndProject
Project("{FAE04EC0-301F-11D3-BF4B-00C04F79EFBC}") = "sqrtNumber", "sqrtNumber\sqrtNumber.csproj", "{2EEDBD15-7E92-416E-AC5A-71891D5354DE}"
EndProject
Project("{FAE04EC0-301F-11D3-BF4B-00C04F79EFBC}") = "Cuberoot", "Cuberoot\Cuberoot.csproj", "{A791D848-1AB9-447B-B06D-AA5B2A0154AD}"
EndProject
Project("{FAE04EC0-301F-11D3-BF4B-00C04F79EFBC}") = "AddTwoComplexNumber", "AddTwoComplexNumber\AddTwoComplexNumber.csproj", "{07137F51-22EA-4ED6-9B90-AF2E17A8D557}"
EndProject
Project("{FAE04EC0-301F-11D3-BF4B-00C04F79EFBC}") = "AddcomplexNumber", "AddcomplexNumber\AddcomplexNumber.csproj", "{54BD429C-818B-4047-AD2D-501E128E25E3}"
EndProject
Project("{FAE04EC0-301F-11D3-BF4B-00C04F79EFBC}") = "CalculateFractionalPower", "CalculateFractionalPower\CalculateFractionalPower.csproj", "{5144AC84-66C9-4B99-8FBB-993CBC230FE8}"
EndProject
Project("{FAE04EC0-301F-11D3-BF4B-00C04F79EFBC}") = "CalculateThePowerof3", "CalculateThePowerof3\CalculateThePowerof3.csproj", "{761A5D21-899C-4516-A23E-C51613829757}"
EndProject
Global
	GlobalSection(SolutionConfigurationPlatforms) = preSolution
		Debug|Any CPU = Debug|Any CPU
		Release|Any CPU = Release|Any CPU
	EndGlobalSection
	GlobalSection(ProjectConfigurationPlatforms) = postSolution
		{04561F1B-4691-4D4D-99E3-66F599CD3897}.Debug|Any CPU.ActiveCfg = Debug|Any CPU
		{04561F1B-4691-4D4D-99E3-66F599CD3897}.Debug|Any CPU.Build.0 = Debug|Any CPU
		{04561F1B-4691-4D4D-99E3-66F599CD3897}.Release|Any CPU.ActiveCfg = Release|Any CPU
		{04561F1B-4691-4D4D-99E3-66F599CD3897}.Release|Any CPU.Build.0 = Release|Any CPU
		{B83F75E6-6FC8-4BDD-AFA8-0360F70DC450}.Debug|Any CPU.ActiveCfg = Debug|Any CPU
		{B83F75E6-6FC8-4BDD-AFA8-0360F70DC450}.Debug|Any CPU.Build.0 = Debug|Any CPU
		{B83F75E6-6FC8-4BDD-AFA8-0360F70DC450}.Release|Any CPU.ActiveCfg = Release|Any CPU
		{B83F75E6-6FC8-4BDD-AFA8-0360F70DC450}.Release|Any CPU.Build.0 = Release|Any CPU
		{6566B796-CAF1-4455-A62F-F5A26E1A5739}.Debug|Any CPU.ActiveCfg = Debug|Any CPU
		{6566B796-CAF1-4455-A62F-F5A26E1A5739}.Debug|Any CPU.Build.0 = Debug|Any CPU
		{6566B796-CAF1-4455-A62F-F5A26E1A5739}.Release|Any CPU.ActiveCfg = Release|Any CPU
		{6566B796-CAF1-4455-A62F-F5A26E1A5739}.Release|Any CPU.Build.0 = Release|Any CPU
		{71A1A8FF-94B2-46C2-AC38-45E1E441F941}.Debug|Any CPU.ActiveCfg = Debug|Any CPU
		{71A1A8FF-94B2-46C2-AC38-45E1E441F941}.Debug|Any CPU.Build.0 = Debug|Any CPU
		{71A1A8FF-94B2-46C2-AC38-45E1E441F941}.Release|Any CPU.ActiveCfg = Release|Any CPU
		{71A1A8FF-94B2-46C2-AC38-45E1E441F941}.Release|Any CPU.Build.0 = Release|Any CPU
		{62BF510F-5931-48F1-AACC-7B52757F3467}.Debug|Any CPU.ActiveCfg = Debug|Any CPU
		{62BF510F-5931-48F1-AACC-7B52757F3467}.Debug|Any CPU.Build.0 = Debug|Any CPU
		{62BF510F-5931-48F1-AACC-7B52757F3467}.Release|Any CPU.ActiveCfg = Release|Any CPU
		{62BF510F-5931-48F1-AACC-7B52757F3467}.Release|Any CPU.Build.0 = Release|Any CPU
		{51DF0371-18DC-4B2A-8F4A-E6739C2E679B}.Debug|Any CPU.ActiveCfg = Debug|Any CPU
		{51DF0371-18DC-4B2A-8F4A-E6739C2E679B}.Debug|Any CPU.Build.0 = Debug|Any CPU
		{51DF0371-18DC-4B2A-8F4A-E6739C2E679B}.Release|Any CPU.ActiveCfg = Release|Any CPU
		{51DF0371-18DC-4B2A-8F4A-E6739C2E679B}.Release|Any CPU.Build.0 = Release|Any CPU
		{C8430BE9-7BD2-4243-82AC-86E07A398524}.Debug|Any CPU.ActiveCfg = Debug|Any CPU
		{C8430BE9-7BD2-4243-82AC-86E07A398524}.Debug|Any CPU.Build.0 = Debug|Any CPU
		{C8430BE9-7BD2-4243-82AC-86E07A398524}.Release|Any CPU.ActiveCfg = Release|Any CPU
		{C8430BE9-7BD2-4243-82AC-86E07A398524}.Release|Any CPU.Build.0 = Release|Any CPU
		{53774A25-9D29-416D-85E6-8A397117260B}.Debug|Any CPU.ActiveCfg = Debug|Any CPU
		{53774A25-9D29-416D-85E6-8A397117260B}.Debug|Any CPU.Build.0 = Debug|Any CPU
		{53774A25-9D29-416D-85E6-8A397117260B}.Release|Any CPU.ActiveCfg = Release|Any CPU
		{53774A25-9D29-416D-85E6-8A397117260B}.Release|Any CPU.Build.0 = Release|Any CPU
		{BD8C529A-B735-4EED-87A9-0B27AD8B236D}.Debug|Any CPU.ActiveCfg = Debug|Any CPU
		{BD8C529A-B735-4EED-87A9-0B27AD8B236D}.Debug|Any CPU.Build.0 = Debug|Any CPU
		{BD8C529A-B735-4EED-87A9-0B27AD8B236D}.Release|Any CPU.ActiveCfg = Release|Any CPU
		{BD8C529A-B735-4EED-87A9-0B27AD8B236D}.Release|Any CPU.Build.0 = Release|Any CPU
		{420969B8-D0CC-40BF-9FAE-3BCF9763AD94}.Debug|Any CPU.ActiveCfg = Debug|Any CPU
		{420969B8-D0CC-40BF-9FAE-3BCF9763AD94}.Debug|Any CPU.Build.0 = Debug|Any CPU
		{420969B8-D0CC-40BF-9FAE-3BCF9763AD94}.Release|Any CPU.ActiveCfg = Release|Any CPU
		{420969B8-D0CC-40BF-9FAE-3BCF9763AD94}.Release|Any CPU.Build.0 = Release|Any CPU
		{B8469FC0-D304-4BEA-ADA2-17DB98471DA8}.Debug|Any CPU.ActiveCfg = Debug|Any CPU
		{B8469FC0-D304-4BEA-ADA2-17DB98471DA8}.Debug|Any CPU.Build.0 = Debug|Any CPU
		{B8469FC0-D304-4BEA-ADA2-17DB98471DA8}.Release|Any CPU.ActiveCfg = Release|Any CPU
		{B8469FC0-D304-4BEA-ADA2-17DB98471DA8}.Release|Any CPU.Build.0 = Release|Any CPU
		{EAC950BC-7CF1-4CCB-8C69-6F1771049EBA}.Debug|Any CPU.ActiveCfg = Debug|Any CPU
		{EAC950BC-7CF1-4CCB-8C69-6F1771049EBA}.Debug|Any CPU.Build.0 = Debug|Any CPU
		{EAC950BC-7CF1-4CCB-8C69-6F1771049EBA}.Release|Any CPU.ActiveCfg = Release|Any CPU
		{EAC950BC-7CF1-4CCB-8C69-6F1771049EBA}.Release|Any CPU.Build.0 = Release|Any CPU
		{184D8682-45BC-48F1-B56E-724D4A001126}.Debug|Any CPU.ActiveCfg = Debug|Any CPU
		{184D8682-45BC-48F1-B56E-724D4A001126}.Debug|Any CPU.Build.0 = Debug|Any CPU
		{184D8682-45BC-48F1-B56E-724D4A001126}.Release|Any CPU.ActiveCfg = Release|Any CPU
		{184D8682-45BC-48F1-B56E-724D4A001126}.Release|Any CPU.Build.0 = Release|Any CPU
		{3CD4905E-0772-4E24-A49F-10713B7979E2}.Debug|Any CPU.ActiveCfg = Debug|Any CPU
		{3CD4905E-0772-4E24-A49F-10713B7979E2}.Debug|Any CPU.Build.0 = Debug|Any CPU
		{3CD4905E-0772-4E24-A49F-10713B7979E2}.Release|Any CPU.ActiveCfg = Release|Any CPU
		{3CD4905E-0772-4E24-A49F-10713B7979E2}.Release|Any CPU.Build.0 = Release|Any CPU
		{9D0D8EB2-E38C-4BBA-B497-CCB0BB9954CE}.Debug|Any CPU.ActiveCfg = Debug|Any CPU
		{9D0D8EB2-E38C-4BBA-B497-CCB0BB9954CE}.Debug|Any CPU.Build.0 = Debug|Any CPU
		{9D0D8EB2-E38C-4BBA-B497-CCB0BB9954CE}.Release|Any CPU.ActiveCfg = Release|Any CPU
		{9D0D8EB2-E38C-4BBA-B497-CCB0BB9954CE}.Release|Any CPU.Build.0 = Release|Any CPU
		{2EF4CFA9-0C78-4B7B-8E46-1AA6B476200F}.Debug|Any CPU.ActiveCfg = Debug|Any CPU
		{2EF4CFA9-0C78-4B7B-8E46-1AA6B476200F}.Debug|Any CPU.Build.0 = Debug|Any CPU
		{2EF4CFA9-0C78-4B7B-8E46-1AA6B476200F}.Release|Any CPU.ActiveCfg = Release|Any CPU
		{2EF4CFA9-0C78-4B7B-8E46-1AA6B476200F}.Release|Any CPU.Build.0 = Release|Any CPU
		{577EDF52-1DC8-4F0B-9A5D-DFA6E6FEA9F4}.Debug|Any CPU.ActiveCfg = Debug|Any CPU
		{577EDF52-1DC8-4F0B-9A5D-DFA6E6FEA9F4}.Debug|Any CPU.Build.0 = Debug|Any CPU
		{577EDF52-1DC8-4F0B-9A5D-DFA6E6FEA9F4}.Release|Any CPU.ActiveCfg = Release|Any CPU
		{577EDF52-1DC8-4F0B-9A5D-DFA6E6FEA9F4}.Release|Any CPU.Build.0 = Release|Any CPU
		{32700C74-AD10-43B0-86D7-9B980598A864}.Debug|Any CPU.ActiveCfg = Debug|Any CPU
		{32700C74-AD10-43B0-86D7-9B980598A864}.Debug|Any CPU.Build.0 = Debug|Any CPU
		{32700C74-AD10-43B0-86D7-9B980598A864}.Release|Any CPU.ActiveCfg = Release|Any CPU
		{32700C74-AD10-43B0-86D7-9B980598A864}.Release|Any CPU.Build.0 = Release|Any CPU
		{751D5D8E-3FA8-447F-BEB2-188E9B438C67}.Debug|Any CPU.ActiveCfg = Debug|Any CPU
		{751D5D8E-3FA8-447F-BEB2-188E9B438C67}.Debug|Any CPU.Build.0 = Debug|Any CPU
		{751D5D8E-3FA8-447F-BEB2-188E9B438C67}.Release|Any CPU.ActiveCfg = Release|Any CPU
		{751D5D8E-3FA8-447F-BEB2-188E9B438C67}.Release|Any CPU.Build.0 = Release|Any CPU
		{9DDC7A20-A00D-4694-9F56-0B4CA0AD004D}.Debug|Any CPU.ActiveCfg = Debug|Any CPU
		{9DDC7A20-A00D-4694-9F56-0B4CA0AD004D}.Debug|Any CPU.Build.0 = Debug|Any CPU
		{9DDC7A20-A00D-4694-9F56-0B4CA0AD004D}.Release|Any CPU.ActiveCfg = Release|Any CPU
		{9DDC7A20-A00D-4694-9F56-0B4CA0AD004D}.Release|Any CPU.Build.0 = Release|Any CPU
		{441F1C84-1E25-4592-8424-469F0E8517CA}.Debug|Any CPU.ActiveCfg = Debug|Any CPU
		{441F1C84-1E25-4592-8424-469F0E8517CA}.Debug|Any CPU.Build.0 = Debug|Any CPU
		{441F1C84-1E25-4592-8424-469F0E8517CA}.Release|Any CPU.ActiveCfg = Release|Any CPU
		{441F1C84-1E25-4592-8424-469F0E8517CA}.Release|Any CPU.Build.0 = Release|Any CPU
		{34920D25-1C76-412F-A53B-03D8CD89EC7D}.Debug|Any CPU.ActiveCfg = Debug|Any CPU
		{34920D25-1C76-412F-A53B-03D8CD89EC7D}.Debug|Any CPU.Build.0 = Debug|Any CPU
		{34920D25-1C76-412F-A53B-03D8CD89EC7D}.Release|Any CPU.ActiveCfg = Release|Any CPU
		{34920D25-1C76-412F-A53B-03D8CD89EC7D}.Release|Any CPU.Build.0 = Release|Any CPU
		{45B4DF46-A991-4B7D-867C-0BEC4255F5B4}.Debug|Any CPU.ActiveCfg = Debug|Any CPU
		{45B4DF46-A991-4B7D-867C-0BEC4255F5B4}.Debug|Any CPU.Build.0 = Debug|Any CPU
		{45B4DF46-A991-4B7D-867C-0BEC4255F5B4}.Release|Any CPU.ActiveCfg = Release|Any CPU
		{45B4DF46-A991-4B7D-867C-0BEC4255F5B4}.Release|Any CPU.Build.0 = Release|Any CPU
		{38F94800-1BF1-4241-9051-0246B2E1231C}.Debug|Any CPU.ActiveCfg = Debug|Any CPU
		{38F94800-1BF1-4241-9051-0246B2E1231C}.Debug|Any CPU.Build.0 = Debug|Any CPU
		{38F94800-1BF1-4241-9051-0246B2E1231C}.Release|Any CPU.ActiveCfg = Release|Any CPU
		{38F94800-1BF1-4241-9051-0246B2E1231C}.Release|Any CPU.Build.0 = Release|Any CPU
		{2AD6D8A8-4E63-480D-BE19-0041989D670E}.Debug|Any CPU.ActiveCfg = Debug|Any CPU
		{2AD6D8A8-4E63-480D-BE19-0041989D670E}.Debug|Any CPU.Build.0 = Debug|Any CPU
		{2AD6D8A8-4E63-480D-BE19-0041989D670E}.Release|Any CPU.ActiveCfg = Release|Any CPU
		{2AD6D8A8-4E63-480D-BE19-0041989D670E}.Release|Any CPU.Build.0 = Release|Any CPU
		{2A13ED3B-EFA7-4607-B6A4-001098621DC3}.Debug|Any CPU.ActiveCfg = Debug|Any CPU
		{2A13ED3B-EFA7-4607-B6A4-001098621DC3}.Debug|Any CPU.Build.0 = Debug|Any CPU
		{2A13ED3B-EFA7-4607-B6A4-001098621DC3}.Release|Any CPU.ActiveCfg = Release|Any CPU
		{2A13ED3B-EFA7-4607-B6A4-001098621DC3}.Release|Any CPU.Build.0 = Release|Any CPU
		{6D5DE347-A97A-436F-89DE-7E8876C494B5}.Debug|Any CPU.ActiveCfg = Debug|Any CPU
		{6D5DE347-A97A-436F-89DE-7E8876C494B5}.Debug|Any CPU.Build.0 = Debug|Any CPU
		{6D5DE347-A97A-436F-89DE-7E8876C494B5}.Release|Any CPU.ActiveCfg = Release|Any CPU
		{6D5DE347-A97A-436F-89DE-7E8876C494B5}.Release|Any CPU.Build.0 = Release|Any CPU
		{3BA57787-398B-44BD-8164-E32820A27F22}.Debug|Any CPU.ActiveCfg = Debug|Any CPU
		{3BA57787-398B-44BD-8164-E32820A27F22}.Debug|Any CPU.Build.0 = Debug|Any CPU
		{3BA57787-398B-44BD-8164-E32820A27F22}.Release|Any CPU.ActiveCfg = Release|Any CPU
		{3BA57787-398B-44BD-8164-E32820A27F22}.Release|Any CPU.Build.0 = Release|Any CPU
		{03E43499-DF4A-48E8-9319-81D45FB7CE76}.Debug|Any CPU.ActiveCfg = Debug|Any CPU
		{03E43499-DF4A-48E8-9319-81D45FB7CE76}.Debug|Any CPU.Build.0 = Debug|Any CPU
		{03E43499-DF4A-48E8-9319-81D45FB7CE76}.Release|Any CPU.ActiveCfg = Release|Any CPU
		{03E43499-DF4A-48E8-9319-81D45FB7CE76}.Release|Any CPU.Build.0 = Release|Any CPU
		{B21A9CE9-27D5-47E0-BAAE-EA2EE5A81480}.Debug|Any CPU.ActiveCfg = Debug|Any CPU
		{B21A9CE9-27D5-47E0-BAAE-EA2EE5A81480}.Debug|Any CPU.Build.0 = Debug|Any CPU
		{B21A9CE9-27D5-47E0-BAAE-EA2EE5A81480}.Release|Any CPU.ActiveCfg = Release|Any CPU
		{B21A9CE9-27D5-47E0-BAAE-EA2EE5A81480}.Release|Any CPU.Build.0 = Release|Any CPU
		{1B7C3804-7C2C-4FE8-AC58-8ACC19DB2658}.Debug|Any CPU.ActiveCfg = Debug|Any CPU
		{1B7C3804-7C2C-4FE8-AC58-8ACC19DB2658}.Debug|Any CPU.Build.0 = Debug|Any CPU
		{1B7C3804-7C2C-4FE8-AC58-8ACC19DB2658}.Release|Any CPU.ActiveCfg = Release|Any CPU
		{1B7C3804-7C2C-4FE8-AC58-8ACC19DB2658}.Release|Any CPU.Build.0 = Release|Any CPU
		{CDF5FB71-2EA3-42B0-BBEA-36B13A9CBC31}.Debug|Any CPU.ActiveCfg = Debug|Any CPU
		{CDF5FB71-2EA3-42B0-BBEA-36B13A9CBC31}.Debug|Any CPU.Build.0 = Debug|Any CPU
		{CDF5FB71-2EA3-42B0-BBEA-36B13A9CBC31}.Release|Any CPU.ActiveCfg = Release|Any CPU
		{CDF5FB71-2EA3-42B0-BBEA-36B13A9CBC31}.Release|Any CPU.Build.0 = Release|Any CPU
		{E0801002-C0DB-4C18-AA82-92C93F3AA318}.Debug|Any CPU.ActiveCfg = Debug|Any CPU
		{E0801002-C0DB-4C18-AA82-92C93F3AA318}.Debug|Any CPU.Build.0 = Debug|Any CPU
		{E0801002-C0DB-4C18-AA82-92C93F3AA318}.Release|Any CPU.ActiveCfg = Release|Any CPU
		{E0801002-C0DB-4C18-AA82-92C93F3AA318}.Release|Any CPU.Build.0 = Release|Any CPU
		{1CB23CFA-1DDE-4089-92BB-FCAF38B233F7}.Debug|Any CPU.ActiveCfg = Debug|Any CPU
		{1CB23CFA-1DDE-4089-92BB-FCAF38B233F7}.Debug|Any CPU.Build.0 = Debug|Any CPU
		{1CB23CFA-1DDE-4089-92BB-FCAF38B233F7}.Release|Any CPU.ActiveCfg = Release|Any CPU
		{1CB23CFA-1DDE-4089-92BB-FCAF38B233F7}.Release|Any CPU.Build.0 = Release|Any CPU
		{FC15B1B5-55D0-422E-9B52-696DB0DF354A}.Debug|Any CPU.ActiveCfg = Debug|Any CPU
		{FC15B1B5-55D0-422E-9B52-696DB0DF354A}.Debug|Any CPU.Build.0 = Debug|Any CPU
		{FC15B1B5-55D0-422E-9B52-696DB0DF354A}.Release|Any CPU.ActiveCfg = Release|Any CPU
		{FC15B1B5-55D0-422E-9B52-696DB0DF354A}.Release|Any CPU.Build.0 = Release|Any CPU
		{A4578077-03A3-4CBB-A619-B2DE1FAB47CF}.Debug|Any CPU.ActiveCfg = Debug|Any CPU
		{A4578077-03A3-4CBB-A619-B2DE1FAB47CF}.Debug|Any CPU.Build.0 = Debug|Any CPU
		{A4578077-03A3-4CBB-A619-B2DE1FAB47CF}.Release|Any CPU.ActiveCfg = Release|Any CPU
		{A4578077-03A3-4CBB-A619-B2DE1FAB47CF}.Release|Any CPU.Build.0 = Release|Any CPU
		{955B5543-0CE6-4F2E-B8FF-A5CFB968F89D}.Debug|Any CPU.ActiveCfg = Debug|Any CPU
		{955B5543-0CE6-4F2E-B8FF-A5CFB968F89D}.Debug|Any CPU.Build.0 = Debug|Any CPU
		{955B5543-0CE6-4F2E-B8FF-A5CFB968F89D}.Release|Any CPU.ActiveCfg = Release|Any CPU
		{955B5543-0CE6-4F2E-B8FF-A5CFB968F89D}.Release|Any CPU.Build.0 = Release|Any CPU
		{BB35A646-4350-42EF-A6D5-607A4FE216C9}.Debug|Any CPU.ActiveCfg = Debug|Any CPU
		{BB35A646-4350-42EF-A6D5-607A4FE216C9}.Debug|Any CPU.Build.0 = Debug|Any CPU
		{BB35A646-4350-42EF-A6D5-607A4FE216C9}.Release|Any CPU.ActiveCfg = Release|Any CPU
		{BB35A646-4350-42EF-A6D5-607A4FE216C9}.Release|Any CPU.Build.0 = Release|Any CPU
		{AC065015-024F-461E-AEE9-DF3574E4A89F}.Debug|Any CPU.ActiveCfg = Debug|Any CPU
		{AC065015-024F-461E-AEE9-DF3574E4A89F}.Debug|Any CPU.Build.0 = Debug|Any CPU
		{AC065015-024F-461E-AEE9-DF3574E4A89F}.Release|Any CPU.ActiveCfg = Release|Any CPU
		{AC065015-024F-461E-AEE9-DF3574E4A89F}.Release|Any CPU.Build.0 = Release|Any CPU
		{3B86113B-564C-40FF-BFF8-526732C25CAF}.Debug|Any CPU.ActiveCfg = Debug|Any CPU
		{3B86113B-564C-40FF-BFF8-526732C25CAF}.Debug|Any CPU.Build.0 = Debug|Any CPU
		{3B86113B-564C-40FF-BFF8-526732C25CAF}.Release|Any CPU.ActiveCfg = Release|Any CPU
		{3B86113B-564C-40FF-BFF8-526732C25CAF}.Release|Any CPU.Build.0 = Release|Any CPU
		{EAC85AA4-985E-4A4F-B2D3-DC626D0E8AE6}.Debug|Any CPU.ActiveCfg = Debug|Any CPU
		{EAC85AA4-985E-4A4F-B2D3-DC626D0E8AE6}.Debug|Any CPU.Build.0 = Debug|Any CPU
		{EAC85AA4-985E-4A4F-B2D3-DC626D0E8AE6}.Release|Any CPU.ActiveCfg = Release|Any CPU
		{EAC85AA4-985E-4A4F-B2D3-DC626D0E8AE6}.Release|Any CPU.Build.0 = Release|Any CPU
		{1F3698D9-8523-431C-9153-3BE69A23ED89}.Debug|Any CPU.ActiveCfg = Debug|Any CPU
		{1F3698D9-8523-431C-9153-3BE69A23ED89}.Debug|Any CPU.Build.0 = Debug|Any CPU
		{1F3698D9-8523-431C-9153-3BE69A23ED89}.Release|Any CPU.ActiveCfg = Release|Any CPU
		{1F3698D9-8523-431C-9153-3BE69A23ED89}.Release|Any CPU.Build.0 = Release|Any CPU
		{6B956610-AA86-4F57-A5FA-FA2E57A03169}.Debug|Any CPU.ActiveCfg = Debug|Any CPU
		{6B956610-AA86-4F57-A5FA-FA2E57A03169}.Debug|Any CPU.Build.0 = Debug|Any CPU
		{6B956610-AA86-4F57-A5FA-FA2E57A03169}.Release|Any CPU.ActiveCfg = Release|Any CPU
		{6B956610-AA86-4F57-A5FA-FA2E57A03169}.Release|Any CPU.Build.0 = Release|Any CPU
		{71C2CEF9-FE0D-467B-BF30-0383CDFE3960}.Debug|Any CPU.ActiveCfg = Debug|Any CPU
		{71C2CEF9-FE0D-467B-BF30-0383CDFE3960}.Debug|Any CPU.Build.0 = Debug|Any CPU
		{71C2CEF9-FE0D-467B-BF30-0383CDFE3960}.Release|Any CPU.ActiveCfg = Release|Any CPU
		{71C2CEF9-FE0D-467B-BF30-0383CDFE3960}.Release|Any CPU.Build.0 = Release|Any CPU
		{2EEDBD15-7E92-416E-AC5A-71891D5354DE}.Debug|Any CPU.ActiveCfg = Debug|Any CPU
		{2EEDBD15-7E92-416E-AC5A-71891D5354DE}.Debug|Any CPU.Build.0 = Debug|Any CPU
		{2EEDBD15-7E92-416E-AC5A-71891D5354DE}.Release|Any CPU.ActiveCfg = Release|Any CPU
		{2EEDBD15-7E92-416E-AC5A-71891D5354DE}.Release|Any CPU.Build.0 = Release|Any CPU
		{A791D848-1AB9-447B-B06D-AA5B2A0154AD}.Debug|Any CPU.ActiveCfg = Debug|Any CPU
		{A791D848-1AB9-447B-B06D-AA5B2A0154AD}.Debug|Any CPU.Build.0 = Debug|Any CPU
		{A791D848-1AB9-447B-B06D-AA5B2A0154AD}.Release|Any CPU.ActiveCfg = Release|Any CPU
		{A791D848-1AB9-447B-B06D-AA5B2A0154AD}.Release|Any CPU.Build.0 = Release|Any CPU
		{07137F51-22EA-4ED6-9B90-AF2E17A8D557}.Debug|Any CPU.ActiveCfg = Debug|Any CPU
		{07137F51-22EA-4ED6-9B90-AF2E17A8D557}.Debug|Any CPU.Build.0 = Debug|Any CPU
		{07137F51-22EA-4ED6-9B90-AF2E17A8D557}.Release|Any CPU.ActiveCfg = Release|Any CPU
		{07137F51-22EA-4ED6-9B90-AF2E17A8D557}.Release|Any CPU.Build.0 = Release|Any CPU
		{54BD429C-818B-4047-AD2D-501E128E25E3}.Debug|Any CPU.ActiveCfg = Debug|Any CPU
		{54BD429C-818B-4047-AD2D-501E128E25E3}.Debug|Any CPU.Build.0 = Debug|Any CPU
		{54BD429C-818B-4047-AD2D-501E128E25E3}.Release|Any CPU.ActiveCfg = Release|Any CPU
		{54BD429C-818B-4047-AD2D-501E128E25E3}.Release|Any CPU.Build.0 = Release|Any CPU
		{5144AC84-66C9-4B99-8FBB-993CBC230FE8}.Debug|Any CPU.ActiveCfg = Debug|Any CPU
		{5144AC84-66C9-4B99-8FBB-993CBC230FE8}.Debug|Any CPU.Build.0 = Debug|Any CPU
		{5144AC84-66C9-4B99-8FBB-993CBC230FE8}.Release|Any CPU.ActiveCfg = Release|Any CPU
		{5144AC84-66C9-4B99-8FBB-993CBC230FE8}.Release|Any CPU.Build.0 = Release|Any CPU
		{761A5D21-899C-4516-A23E-C51613829757}.Debug|Any CPU.ActiveCfg = Debug|Any CPU
		{761A5D21-899C-4516-A23E-C51613829757}.Debug|Any CPU.Build.0 = Debug|Any CPU
		{761A5D21-899C-4516-A23E-C51613829757}.Release|Any CPU.ActiveCfg = Release|Any CPU
		{761A5D21-899C-4516-A23E-C51613829757}.Release|Any CPU.Build.0 = Release|Any CPU
	EndGlobalSection
	GlobalSection(SolutionProperties) = preSolution
		HideSolutionNode = FALSE
	EndGlobalSection
	GlobalSection(ExtensibilityGlobals) = postSolution
		SolutionGuid = {384C1A27-65D6-4569-A9C2-136A10579754}
	EndGlobalSection
EndGlobal
